
Microsoft Visual Studio Solution File, Format Version 12.00
# Visual Studio Version 16
VisualStudioVersion = 16.0.30804.86
MinimumVisualStudioVersion = 10.0.40219.1
Project("{F184B08F-C81C-45F6-A57F-5ABD9991F28F}") = "201700708_FINANCIERA", "201700708_FINANCIERA\201700708_FINANCIERA.vbproj", "{9D9E81F2-8FEF-4B14-86C8-9993141C04D5}"
EndProject
Global
	GlobalSection(SolutionConfigurationPlatforms) = preSolution
		Debug|Any CPU = Debug|Any CPU
		Release|Any CPU = Release|Any CPU
	EndGlobalSection
	GlobalSection(ProjectConfigurationPlatforms) = postSolution
		{9D9E81F2-8FEF-4B14-86C8-9993141C04D5}.Debug|Any CPU.ActiveCfg = Debug|Any CPU
		{9D9E81F2-8FEF-4B14-86C8-9993141C04D5}.Debug|Any CPU.Build.0 = Debug|Any CPU
		{9D9E81F2-8FEF-4B14-86C8-9993141C04D5}.Release|Any CPU.ActiveCfg = Release|Any CPU
		{9D9E81F2-8FEF-4B14-86C8-9993141C04D5}.Release|Any CPU.Build.0 = Release|Any CPU
	EndGlobalSection
	GlobalSection(SolutionProperties) = preSolution
		HideSolutionNode = FALSE
	EndGlobalSection
	GlobalSection(ExtensibilityGlobals) = postSolution
		SolutionGuid = {8515F6BB-404B-40B7-A82D-1CF33D79063E}
	EndGlobalSection
EndGlobal
